
Microsoft Visual Studio Solution File, Format Version 12.00
# Visual Studio Version 17
VisualStudioVersion = 17.8.34525.116
MinimumVisualStudioVersion = 10.0.40219.1
Project("{FAE04EC0-301F-11D3-BF4B-00C04F79EFBC}") = "Sequences", "Sequences\Sequences.csproj", "{BDC879D1-27A4-4068-AAD4-F3BB0C7B9452}"
EndProject
Global
	GlobalSection(SolutionConfigurationPlatforms) = preSolution
		Debug|Any CPU = Debug|Any CPU
		Release|Any CPU = Release|Any CPU
	EndGlobalSection
	GlobalSection(ProjectConfigurationPlatforms) = postSolution
		{BDC879D1-27A4-4068-AAD4-F3BB0C7B9452}.Debug|Any CPU.ActiveCfg = Debug|Any CPU
		{BDC879D1-27A4-4068-AAD4-F3BB0C7B9452}.Debug|Any CPU.Build.0 = Debug|Any CPU
		{BDC879D1-27A4-4068-AAD4-F3BB0C7B9452}.Release|Any CPU.ActiveCfg = Release|Any CPU
		{BDC879D1-27A4-4068-AAD4-F3BB0C7B9452}.Release|Any CPU.Build.0 = Release|Any CPU
	EndGlobalSection
	GlobalSection(SolutionProperties) = preSolution
		HideSolutionNode = FALSE
	EndGlobalSection
	GlobalSection(ExtensibilityGlobals) = postSolution
		SolutionGuid = {31C6F5B5-2D5F-4B9F-B213-2B51863B881D}
	EndGlobalSection
EndGlobal
